
Microsoft Visual Studio Solution File, Format Version 12.00
# Visual Studio Version 16
VisualStudioVersion = 16.0.29709.97
MinimumVisualStudioVersion = 10.0.40219.1
Project("{FAE04EC0-301F-11D3-BF4B-00C04F79EFBC}") = "Exercicio5", "Exercicio5\Exercicio5.csproj", "{777D7C82-235D-4866-9B55-1941F51F617E}"
EndProject
Global
	GlobalSection(SolutionConfigurationPlatforms) = preSolution
		Debug|Any CPU = Debug|Any CPU
		Release|Any CPU = Release|Any CPU
	EndGlobalSection
	GlobalSection(ProjectConfigurationPlatforms) = postSolution
		{777D7C82-235D-4866-9B55-1941F51F617E}.Debug|Any CPU.ActiveCfg = Debug|Any CPU
		{777D7C82-235D-4866-9B55-1941F51F617E}.Debug|Any CPU.Build.0 = Debug|Any CPU
		{777D7C82-235D-4866-9B55-1941F51F617E}.Release|Any CPU.ActiveCfg = Release|Any CPU
		{777D7C82-235D-4866-9B55-1941F51F617E}.Release|Any CPU.Build.0 = Release|Any CPU
	EndGlobalSection
	GlobalSection(SolutionProperties) = preSolution
		HideSolutionNode = FALSE
	EndGlobalSection
	GlobalSection(ExtensibilityGlobals) = postSolution
		SolutionGuid = {2EF9C2C8-D425-42FE-9AD1-76E0CE5EA8C7}
	EndGlobalSection
EndGlobal
