
Microsoft Visual Studio Solution File, Format Version 12.00
# Visual Studio Version 16
VisualStudioVersion = 16.0.29709.97
MinimumVisualStudioVersion = 10.0.40219.1
Project("{FAE04EC0-301F-11D3-BF4B-00C04F79EFBC}") = "Exercicio2", "Exercicio2\Exercicio2.csproj", "{24F7FB3B-8AC1-4F16-ACAD-FACD6AC54BFB}"
EndProject
Global
	GlobalSection(SolutionConfigurationPlatforms) = preSolution
		Debug|Any CPU = Debug|Any CPU
		Release|Any CPU = Release|Any CPU
	EndGlobalSection
	GlobalSection(ProjectConfigurationPlatforms) = postSolution
		{24F7FB3B-8AC1-4F16-ACAD-FACD6AC54BFB}.Debug|Any CPU.ActiveCfg = Debug|Any CPU
		{24F7FB3B-8AC1-4F16-ACAD-FACD6AC54BFB}.Debug|Any CPU.Build.0 = Debug|Any CPU
		{24F7FB3B-8AC1-4F16-ACAD-FACD6AC54BFB}.Release|Any CPU.ActiveCfg = Release|Any CPU
		{24F7FB3B-8AC1-4F16-ACAD-FACD6AC54BFB}.Release|Any CPU.Build.0 = Release|Any CPU
	EndGlobalSection
	GlobalSection(SolutionProperties) = preSolution
		HideSolutionNode = FALSE
	EndGlobalSection
	GlobalSection(ExtensibilityGlobals) = postSolution
		SolutionGuid = {66C22C92-ED46-4F07-8ACC-8C517A34496E}
	EndGlobalSection
EndGlobal
