
Microsoft Visual Studio Solution File, Format Version 12.00
# Visual Studio Version 16
VisualStudioVersion = 16.0.29709.97
MinimumVisualStudioVersion = 10.0.40219.1
Project("{FAE04EC0-301F-11D3-BF4B-00C04F79EFBC}") = "Exercicio1", "Exercicio1\Exercicio1.csproj", "{AC66498F-071A-47AA-AF9E-9084B6B86269}"
EndProject
Global
	GlobalSection(SolutionConfigurationPlatforms) = preSolution
		Debug|Any CPU = Debug|Any CPU
		Release|Any CPU = Release|Any CPU
	EndGlobalSection
	GlobalSection(ProjectConfigurationPlatforms) = postSolution
		{AC66498F-071A-47AA-AF9E-9084B6B86269}.Debug|Any CPU.ActiveCfg = Debug|Any CPU
		{AC66498F-071A-47AA-AF9E-9084B6B86269}.Debug|Any CPU.Build.0 = Debug|Any CPU
		{AC66498F-071A-47AA-AF9E-9084B6B86269}.Release|Any CPU.ActiveCfg = Release|Any CPU
		{AC66498F-071A-47AA-AF9E-9084B6B86269}.Release|Any CPU.Build.0 = Release|Any CPU
	EndGlobalSection
	GlobalSection(SolutionProperties) = preSolution
		HideSolutionNode = FALSE
	EndGlobalSection
	GlobalSection(ExtensibilityGlobals) = postSolution
		SolutionGuid = {89793201-F12B-487A-AC43-4CFEACE63BA4}
	EndGlobalSection
EndGlobal
