
Microsoft Visual Studio Solution File, Format Version 12.00
# Visual Studio Version 16
VisualStudioVersion = 16.0.30002.166
MinimumVisualStudioVersion = 10.0.40219.1
Project("{FAE04EC0-301F-11D3-BF4B-00C04F79EFBC}") = "CS_Exercicio2.3", "CS_Exercicio2.3\CS_Exercicio2.3.csproj", "{353AD495-8C2A-4A16-AC01-6463512720CB}"
EndProject
Global
	GlobalSection(SolutionConfigurationPlatforms) = preSolution
		Debug|Any CPU = Debug|Any CPU
		Release|Any CPU = Release|Any CPU
	EndGlobalSection
	GlobalSection(ProjectConfigurationPlatforms) = postSolution
		{353AD495-8C2A-4A16-AC01-6463512720CB}.Debug|Any CPU.ActiveCfg = Debug|Any CPU
		{353AD495-8C2A-4A16-AC01-6463512720CB}.Debug|Any CPU.Build.0 = Debug|Any CPU
		{353AD495-8C2A-4A16-AC01-6463512720CB}.Release|Any CPU.ActiveCfg = Release|Any CPU
		{353AD495-8C2A-4A16-AC01-6463512720CB}.Release|Any CPU.Build.0 = Release|Any CPU
	EndGlobalSection
	GlobalSection(SolutionProperties) = preSolution
		HideSolutionNode = FALSE
	EndGlobalSection
	GlobalSection(ExtensibilityGlobals) = postSolution
		SolutionGuid = {0023CF88-47E4-4C1C-BBFF-C3C9829A6A37}
	EndGlobalSection
EndGlobal
