
Microsoft Visual Studio Solution File, Format Version 12.00
# Visual Studio Version 16
VisualStudioVersion = 16.0.30002.166
MinimumVisualStudioVersion = 10.0.40219.1
Project("{FAE04EC0-301F-11D3-BF4B-00C04F79EFBC}") = "ExpressoesAnonimas", "ExpressoesAnonimas\ExpressoesAnonimas.csproj", "{D2A1FBBE-096A-4445-9A9B-914DB37FADF5}"
EndProject
Global
	GlobalSection(SolutionConfigurationPlatforms) = preSolution
		Debug|Any CPU = Debug|Any CPU
		Release|Any CPU = Release|Any CPU
	EndGlobalSection
	GlobalSection(ProjectConfigurationPlatforms) = postSolution
		{D2A1FBBE-096A-4445-9A9B-914DB37FADF5}.Debug|Any CPU.ActiveCfg = Debug|Any CPU
		{D2A1FBBE-096A-4445-9A9B-914DB37FADF5}.Debug|Any CPU.Build.0 = Debug|Any CPU
		{D2A1FBBE-096A-4445-9A9B-914DB37FADF5}.Release|Any CPU.ActiveCfg = Release|Any CPU
		{D2A1FBBE-096A-4445-9A9B-914DB37FADF5}.Release|Any CPU.Build.0 = Release|Any CPU
	EndGlobalSection
	GlobalSection(SolutionProperties) = preSolution
		HideSolutionNode = FALSE
	EndGlobalSection
	GlobalSection(ExtensibilityGlobals) = postSolution
		SolutionGuid = {BB198C5B-C39F-4BE3-9521-711FC8B93189}
	EndGlobalSection
EndGlobal
