
Microsoft Visual Studio Solution File, Format Version 12.00
# Visual Studio Version 16
VisualStudioVersion = 16.0.30002.166
MinimumVisualStudioVersion = 10.0.40219.1
Project("{FAE04EC0-301F-11D3-BF4B-00C04F79EFBC}") = "CS_Exercicio1.3", "CS_Exercicio1.3\CS_Exercicio1.3.csproj", "{A2D98D4B-6B72-4684-8B16-91657C4E6BA4}"
EndProject
Global
	GlobalSection(SolutionConfigurationPlatforms) = preSolution
		Debug|Any CPU = Debug|Any CPU
		Release|Any CPU = Release|Any CPU
	EndGlobalSection
	GlobalSection(ProjectConfigurationPlatforms) = postSolution
		{A2D98D4B-6B72-4684-8B16-91657C4E6BA4}.Debug|Any CPU.ActiveCfg = Debug|Any CPU
		{A2D98D4B-6B72-4684-8B16-91657C4E6BA4}.Debug|Any CPU.Build.0 = Debug|Any CPU
		{A2D98D4B-6B72-4684-8B16-91657C4E6BA4}.Release|Any CPU.ActiveCfg = Release|Any CPU
		{A2D98D4B-6B72-4684-8B16-91657C4E6BA4}.Release|Any CPU.Build.0 = Release|Any CPU
	EndGlobalSection
	GlobalSection(SolutionProperties) = preSolution
		HideSolutionNode = FALSE
	EndGlobalSection
	GlobalSection(ExtensibilityGlobals) = postSolution
		SolutionGuid = {B47C2B8F-DB32-4AEF-AB31-A89841FE3755}
	EndGlobalSection
EndGlobal
