
Microsoft Visual Studio Solution File, Format Version 12.00
# Visual Studio Version 16
VisualStudioVersion = 16.0.29709.97
MinimumVisualStudioVersion = 10.0.40219.1
Project("{FAE04EC0-301F-11D3-BF4B-00C04F79EFBC}") = "Exercicio6", "Exercicio6\Exercicio6.csproj", "{81D47E5D-4662-4F5C-A884-E277C14FDD2A}"
EndProject
Global
	GlobalSection(SolutionConfigurationPlatforms) = preSolution
		Debug|Any CPU = Debug|Any CPU
		Release|Any CPU = Release|Any CPU
	EndGlobalSection
	GlobalSection(ProjectConfigurationPlatforms) = postSolution
		{81D47E5D-4662-4F5C-A884-E277C14FDD2A}.Debug|Any CPU.ActiveCfg = Debug|Any CPU
		{81D47E5D-4662-4F5C-A884-E277C14FDD2A}.Debug|Any CPU.Build.0 = Debug|Any CPU
		{81D47E5D-4662-4F5C-A884-E277C14FDD2A}.Release|Any CPU.ActiveCfg = Release|Any CPU
		{81D47E5D-4662-4F5C-A884-E277C14FDD2A}.Release|Any CPU.Build.0 = Release|Any CPU
	EndGlobalSection
	GlobalSection(SolutionProperties) = preSolution
		HideSolutionNode = FALSE
	EndGlobalSection
	GlobalSection(ExtensibilityGlobals) = postSolution
		SolutionGuid = {3B23E42F-225A-45F0-8BDB-57CE5C298AB4}
	EndGlobalSection
EndGlobal
