
Microsoft Visual Studio Solution File, Format Version 12.00
# Visual Studio Version 16
VisualStudioVersion = 16.0.30002.166
MinimumVisualStudioVersion = 10.0.40219.1
Project("{9092AA53-FB77-4645-B42D-1CCCA6BD08BD}") = "JS_Exercicio1", "JS_Exercicio1\JS_Exercicio1.njsproj", "{9529EA0A-9942-4706-8702-143CA64FCFD1}"
EndProject
Global
	GlobalSection(SolutionConfigurationPlatforms) = preSolution
		Debug|Any CPU = Debug|Any CPU
		Release|Any CPU = Release|Any CPU
	EndGlobalSection
	GlobalSection(ProjectConfigurationPlatforms) = postSolution
		{9529EA0A-9942-4706-8702-143CA64FCFD1}.Debug|Any CPU.ActiveCfg = Debug|Any CPU
		{9529EA0A-9942-4706-8702-143CA64FCFD1}.Debug|Any CPU.Build.0 = Debug|Any CPU
		{9529EA0A-9942-4706-8702-143CA64FCFD1}.Release|Any CPU.ActiveCfg = Release|Any CPU
		{9529EA0A-9942-4706-8702-143CA64FCFD1}.Release|Any CPU.Build.0 = Release|Any CPU
	EndGlobalSection
	GlobalSection(SolutionProperties) = preSolution
		HideSolutionNode = FALSE
	EndGlobalSection
	GlobalSection(ExtensibilityGlobals) = postSolution
		SolutionGuid = {9C3EE3BF-49C6-4D57-AEDD-9AD2C8135504}
	EndGlobalSection
EndGlobal
