
Microsoft Visual Studio Solution File, Format Version 12.00
# Visual Studio Version 16
VisualStudioVersion = 16.0.29709.97
MinimumVisualStudioVersion = 10.0.40219.1
Project("{FAE04EC0-301F-11D3-BF4B-00C04F79EFBC}") = "Exercicio1", "Exercicio1\Exercicio1.csproj", "{5DD08B3D-3789-41B9-BA13-82C5D36CA16B}"
EndProject
Global
	GlobalSection(SolutionConfigurationPlatforms) = preSolution
		Debug|Any CPU = Debug|Any CPU
		Release|Any CPU = Release|Any CPU
	EndGlobalSection
	GlobalSection(ProjectConfigurationPlatforms) = postSolution
		{5DD08B3D-3789-41B9-BA13-82C5D36CA16B}.Debug|Any CPU.ActiveCfg = Debug|Any CPU
		{5DD08B3D-3789-41B9-BA13-82C5D36CA16B}.Debug|Any CPU.Build.0 = Debug|Any CPU
		{5DD08B3D-3789-41B9-BA13-82C5D36CA16B}.Release|Any CPU.ActiveCfg = Release|Any CPU
		{5DD08B3D-3789-41B9-BA13-82C5D36CA16B}.Release|Any CPU.Build.0 = Release|Any CPU
	EndGlobalSection
	GlobalSection(SolutionProperties) = preSolution
		HideSolutionNode = FALSE
	EndGlobalSection
	GlobalSection(ExtensibilityGlobals) = postSolution
		SolutionGuid = {47549B89-942A-45D6-9AE3-E53A1BAD4761}
	EndGlobalSection
EndGlobal
