
Microsoft Visual Studio Solution File, Format Version 12.00
# Visual Studio Version 16
VisualStudioVersion = 16.0.30002.166
MinimumVisualStudioVersion = 10.0.40219.1
Project("{FAE04EC0-301F-11D3-BF4B-00C04F79EFBC}") = "Cifra_de_Vigenere(final)", "Cifra_de_Vigenere(final)\Cifra_de_Vigenere(final).csproj", "{B44F6E2D-E9DF-484C-AB2D-4E8B75A6BF95}"
EndProject
Global
	GlobalSection(SolutionConfigurationPlatforms) = preSolution
		Debug|Any CPU = Debug|Any CPU
		Release|Any CPU = Release|Any CPU
	EndGlobalSection
	GlobalSection(ProjectConfigurationPlatforms) = postSolution
		{B44F6E2D-E9DF-484C-AB2D-4E8B75A6BF95}.Debug|Any CPU.ActiveCfg = Debug|Any CPU
		{B44F6E2D-E9DF-484C-AB2D-4E8B75A6BF95}.Debug|Any CPU.Build.0 = Debug|Any CPU
		{B44F6E2D-E9DF-484C-AB2D-4E8B75A6BF95}.Release|Any CPU.ActiveCfg = Release|Any CPU
		{B44F6E2D-E9DF-484C-AB2D-4E8B75A6BF95}.Release|Any CPU.Build.0 = Release|Any CPU
	EndGlobalSection
	GlobalSection(SolutionProperties) = preSolution
		HideSolutionNode = FALSE
	EndGlobalSection
	GlobalSection(ExtensibilityGlobals) = postSolution
		SolutionGuid = {0423484B-E9EE-40DA-A85E-134452B58C97}
	EndGlobalSection
EndGlobal
